
Microsoft Visual Studio Solution File, Format Version 12.00
# Visual Studio Version 17
VisualStudioVersion = 17.14.36518.9 d17.14
MinimumVisualStudioVersion = 10.0.40219.1
Project("{FAE04EC0-301F-11D3-BF4B-00C04F79EFBC}") = "assignFive", "assignFive\assignFive.csproj", "{B647D26E-CD03-49A2-A2F4-BA4786D8F826}"
EndProject
Global
	GlobalSection(SolutionConfigurationPlatforms) = preSolution
		Debug|Any CPU = Debug|Any CPU
		Release|Any CPU = Release|Any CPU
	EndGlobalSection
	GlobalSection(ProjectConfigurationPlatforms) = postSolution
		{B647D26E-CD03-49A2-A2F4-BA4786D8F826}.Debug|Any CPU.ActiveCfg = Debug|Any CPU
		{B647D26E-CD03-49A2-A2F4-BA4786D8F826}.Debug|Any CPU.Build.0 = Debug|Any CPU
		{B647D26E-CD03-49A2-A2F4-BA4786D8F826}.Release|Any CPU.ActiveCfg = Release|Any CPU
		{B647D26E-CD03-49A2-A2F4-BA4786D8F826}.Release|Any CPU.Build.0 = Release|Any CPU
	EndGlobalSection
	GlobalSection(SolutionProperties) = preSolution
		HideSolutionNode = FALSE
	EndGlobalSection
	GlobalSection(ExtensibilityGlobals) = postSolution
		SolutionGuid = {B98E6946-990B-4A54-8544-B6EF2599A792}
	EndGlobalSection
EndGlobal
