
Microsoft Visual Studio Solution File, Format Version 12.00
# Visual Studio Version 17
VisualStudioVersion = 17.14.36511.14 d17.14
MinimumVisualStudioVersion = 10.0.40219.1
Project("{FAE04EC0-301F-11D3-BF4B-00C04F79EFBC}") = "assignTwo", "assignTwo\assignTwo.csproj", "{5CBD632F-45FE-4FAE-BEA8-59F11409B923}"
EndProject
Global
	GlobalSection(SolutionConfigurationPlatforms) = preSolution
		Debug|Any CPU = Debug|Any CPU
		Release|Any CPU = Release|Any CPU
	EndGlobalSection
	GlobalSection(ProjectConfigurationPlatforms) = postSolution
		{5CBD632F-45FE-4FAE-BEA8-59F11409B923}.Debug|Any CPU.ActiveCfg = Debug|Any CPU
		{5CBD632F-45FE-4FAE-BEA8-59F11409B923}.Debug|Any CPU.Build.0 = Debug|Any CPU
		{5CBD632F-45FE-4FAE-BEA8-59F11409B923}.Release|Any CPU.ActiveCfg = Release|Any CPU
		{5CBD632F-45FE-4FAE-BEA8-59F11409B923}.Release|Any CPU.Build.0 = Release|Any CPU
	EndGlobalSection
	GlobalSection(SolutionProperties) = preSolution
		HideSolutionNode = FALSE
	EndGlobalSection
	GlobalSection(ExtensibilityGlobals) = postSolution
		SolutionGuid = {5A5F1F18-A820-435A-A4D0-4B9F72A760A4}
	EndGlobalSection
EndGlobal
